
Microsoft Visual Studio Solution File, Format Version 12.00
# Visual Studio Version 17
VisualStudioVersion = 17.9.34728.123
MinimumVisualStudioVersion = 10.0.40219.1
Project("{FAE04EC0-301F-11D3-BF4B-00C04F79EFBC}") = "Assingments", "Assingments\Assingments.csproj", "{6B765A82-677A-4CA2-987F-4FBBDDEE254B}"
EndProject
Global
	GlobalSection(SolutionConfigurationPlatforms) = preSolution
		Debug|Any CPU = Debug|Any CPU
		Release|Any CPU = Release|Any CPU
	EndGlobalSection
	GlobalSection(ProjectConfigurationPlatforms) = postSolution
		{6B765A82-677A-4CA2-987F-4FBBDDEE254B}.Debug|Any CPU.ActiveCfg = Debug|Any CPU
		{6B765A82-677A-4CA2-987F-4FBBDDEE254B}.Debug|Any CPU.Build.0 = Debug|Any CPU
		{6B765A82-677A-4CA2-987F-4FBBDDEE254B}.Release|Any CPU.ActiveCfg = Release|Any CPU
		{6B765A82-677A-4CA2-987F-4FBBDDEE254B}.Release|Any CPU.Build.0 = Release|Any CPU
	EndGlobalSection
	GlobalSection(SolutionProperties) = preSolution
		HideSolutionNode = FALSE
	EndGlobalSection
	GlobalSection(ExtensibilityGlobals) = postSolution
		SolutionGuid = {5CE6C678-1E2D-4C8D-9E0D-105F4314FFD5}
	EndGlobalSection
EndGlobal
